
Microsoft Visual Studio Solution File, Format Version 12.00
# Visual Studio Version 16
VisualStudioVersion = 16.0.31205.134
MinimumVisualStudioVersion = 10.0.40219.1
Project("{FAE04EC0-301F-11D3-BF4B-00C04F79EFBC}") = "testtt", "testtt\testtt.csproj", "{5FA9C644-1539-41A6-B9EE-E0610AB54D48}"
EndProject
Global
	GlobalSection(SolutionConfigurationPlatforms) = preSolution
		Debug|Any CPU = Debug|Any CPU
		Release|Any CPU = Release|Any CPU
	EndGlobalSection
	GlobalSection(ProjectConfigurationPlatforms) = postSolution
		{5FA9C644-1539-41A6-B9EE-E0610AB54D48}.Debug|Any CPU.ActiveCfg = Debug|Any CPU
		{5FA9C644-1539-41A6-B9EE-E0610AB54D48}.Debug|Any CPU.Build.0 = Debug|Any CPU
		{5FA9C644-1539-41A6-B9EE-E0610AB54D48}.Release|Any CPU.ActiveCfg = Release|Any CPU
		{5FA9C644-1539-41A6-B9EE-E0610AB54D48}.Release|Any CPU.Build.0 = Release|Any CPU
	EndGlobalSection
	GlobalSection(SolutionProperties) = preSolution
		HideSolutionNode = FALSE
	EndGlobalSection
	GlobalSection(ExtensibilityGlobals) = postSolution
		SolutionGuid = {0EB7B63F-82DA-4F51-A4B0-32907EA75FB0}
	EndGlobalSection
EndGlobal
